
Microsoft Visual Studio Solution File, Format Version 12.00
Project("{FAE04EC0-301F-11D3-BF4B-00C04F79EFBC}") = "BlackJack.Business", "BlackJack.Business\BlackJack.Business.csproj", "{ED61E769-0425-4254-BB23-D7865C8F1846}"
EndProject
Project("{FAE04EC0-301F-11D3-BF4B-00C04F79EFBC}") = "BlackJack.Console", "BlackJack.Console\BlackJack.Console.csproj", "{165F9E1F-50E6-43CB-AA2F-164DF0327F30}"
EndProject
Global
	GlobalSection(SolutionConfigurationPlatforms) = preSolution
		Debug|Any CPU = Debug|Any CPU
		Release|Any CPU = Release|Any CPU
	EndGlobalSection
	GlobalSection(ProjectConfigurationPlatforms) = postSolution
		{ED61E769-0425-4254-BB23-D7865C8F1846}.Debug|Any CPU.ActiveCfg = Debug|Any CPU
		{ED61E769-0425-4254-BB23-D7865C8F1846}.Debug|Any CPU.Build.0 = Debug|Any CPU
		{ED61E769-0425-4254-BB23-D7865C8F1846}.Release|Any CPU.ActiveCfg = Release|Any CPU
		{ED61E769-0425-4254-BB23-D7865C8F1846}.Release|Any CPU.Build.0 = Release|Any CPU
		{165F9E1F-50E6-43CB-AA2F-164DF0327F30}.Debug|Any CPU.ActiveCfg = Debug|Any CPU
		{165F9E1F-50E6-43CB-AA2F-164DF0327F30}.Debug|Any CPU.Build.0 = Debug|Any CPU
		{165F9E1F-50E6-43CB-AA2F-164DF0327F30}.Release|Any CPU.ActiveCfg = Release|Any CPU
		{165F9E1F-50E6-43CB-AA2F-164DF0327F30}.Release|Any CPU.Build.0 = Release|Any CPU
	EndGlobalSection
EndGlobal
